<?xml version="1.0" encoding="utf-8"?>
<Project ToolsVersion="4.0" xmlns="http://schemas.microsoft.com/developer/msbuild/2003">
  <ItemGroup>
    <ClCompile Include="SDKMinimalClient.cpp" />
  </ItemGroup>
  <ItemGroup>
    <ClInclude Include="SDKMinimalClient.hpp" />
    <ClInclude Include="ManusSDK.h" />
    <ClInclude Include="ManusSDKTypeInitializers.h" />
    <ClInclude Include="ManusSDKTypes.h" />
  </ItemGroup>
</Project>